// !$*UTF8*$!
{
	archiveVersion = 1;
	classes = {
	};
	objectVersion = 50;
	objects = {

/* Begin PBXBuildFile section */
		010C7BB024F9C4F7008A132A /* AppDelegate.swift in Sources */ = {isa = PBXBuildFile; fileRef = 010C7BAF24F9C4F7008A132A /* AppDelegate.swift */; };
		010C7BB224F9C4F7008A132A /* SceneDelegate.swift in Sources */ = {isa = PBXBuildFile; fileRef = 010C7BB124F9C4F7008A132A /* SceneDelegate.swift */; };
		010C7BB424F9C4F7008A132A /* ViewController.swift in Sources */ = {isa = PBXBuildFile; fileRef = 010C7BB324F9C4F7008A132A /* ViewController.swift */; };
		010C7BB724F9C4F7008A132A /* Main.storyboard in Resources */ = {isa = PBXBuildFile; fileRef = 010C7BB524F9C4F7008A132A /* Main.storyboard */; };
		010C7BB924F9C4F8008A132A /* Assets.xcassets in Resources */ = {isa = PBXBuildFile; fileRef = 010C7BB824F9C4F8008A132A /* Assets.xcassets */; };
		010C7BBC24F9C4F8008A132A /* LaunchScreen.storyboard in Resources */ = {isa = PBXBuildFile; fileRef = 010C7BBA24F9C4F8008A132A /* LaunchScreen.storyboard */; };
		010C7BC124F9C4F8008A132A /* BookMyFlight WatchKit App.app in Embed Watch Content */ = {isa = PBXBuildFile; fileRef = 010C7BC024F9C4F8008A132A /* BookMyFlight WatchKit App.app */; settings = {ATTRIBUTES = (RemoveHeadersOnCopy, ); }; };
		010C7BC724F9C4F8008A132A /* Interface.storyboard in Resources */ = {isa = PBXBuildFile; fileRef = 010C7BC524F9C4F8008A132A /* Interface.storyboard */; };
		010C7BC924F9C4F9008A132A /* Assets.xcassets in Resources */ = {isa = PBXBuildFile; fileRef = 010C7BC824F9C4F9008A132A /* Assets.xcassets */; };
		010C7BD024F9C4F9008A132A /* BookMyFlight WatchKit Extension.appex in Embed App Extensions */ = {isa = PBXBuildFile; fileRef = 010C7BCF24F9C4F9008A132A /* BookMyFlight WatchKit Extension.appex */; settings = {ATTRIBUTES = (RemoveHeadersOnCopy, ); }; };
		010C7BD524F9C4F9008A132A /* InterfaceController.swift in Sources */ = {isa = PBXBuildFile; fileRef = 010C7BD424F9C4F9008A132A /* InterfaceController.swift */; };
		010C7BD724F9C4F9008A132A /* ExtensionDelegate.swift in Sources */ = {isa = PBXBuildFile; fileRef = 010C7BD624F9C4F9008A132A /* ExtensionDelegate.swift */; };
		010C7BD924F9C4F9008A132A /* NotificationController.swift in Sources */ = {isa = PBXBuildFile; fileRef = 010C7BD824F9C4F9008A132A /* NotificationController.swift */; };
		010C7BDB24F9C4FA008A132A /* Assets.xcassets in Resources */ = {isa = PBXBuildFile; fileRef = 010C7BDA24F9C4FA008A132A /* Assets.xcassets */; };
		0113FEA724FA6B7300E6D5D1 /* flight.swift in Sources */ = {isa = PBXBuildFile; fileRef = 0113FEA624FA6B7300E6D5D1 /* flight.swift */; };
/* End PBXBuildFile section */

/* Begin PBXContainerItemProxy section */
		010C7BC224F9C4F8008A132A /* PBXContainerItemProxy */ = {
			isa = PBXContainerItemProxy;
			containerPortal = 010C7BA424F9C4F7008A132A /* Project object */;
			proxyType = 1;
			remoteGlobalIDString = 010C7BBF24F9C4F8008A132A;
			remoteInfo = "BookMyFlight WatchKit App";
		};
		010C7BD124F9C4F9008A132A /* PBXContainerItemProxy */ = {
			isa = PBXContainerItemProxy;
			containerPortal = 010C7BA424F9C4F7008A132A /* Project object */;
			proxyType = 1;
			remoteGlobalIDString = 010C7BCE24F9C4F9008A132A;
			remoteInfo = "BookMyFlight WatchKit Extension";
		};
/* End PBXContainerItemProxy section */

/* Begin PBXCopyFilesBuildPhase section */
		010C7BE324F9C4FA008A132A /* Embed App Extensions */ = {
			isa = PBXCopyFilesBuildPhase;
			buildActionMask = 2147483647;
			dstPath = "";
			dstSubfolderSpec = 13;
			files = (
				010C7BD024F9C4F9008A132A /* BookMyFlight WatchKit Extension.appex in Embed App Extensions */,
			);
			name = "Embed App Extensions";
			runOnlyForDeploymentPostprocessing = 0;
		};
		010C7BE724F9C4FA008A132A /* Embed Watch Content */ = {
			isa = PBXCopyFilesBuildPhase;
			buildActionMask = 2147483647;
			dstPath = "$(CONTENTS_FOLDER_PATH)/Watch";
			dstSubfolderSpec = 16;
			files = (
				010C7BC124F9C4F8008A132A /* BookMyFlight WatchKit App.app in Embed Watch Content */,
			);
			name = "Embed Watch Content";
			runOnlyForDeploymentPostprocessing = 0;
		};
/* End PBXCopyFilesBuildPhase section */

/* Begin PBXFileReference section */
		010C7BAC24F9C4F7008A132A /* BookMyFlight.app */ = {isa = PBXFileReference; explicitFileType = wrapper.application; includeInIndex = 0; path = BookMyFlight.app; sourceTree = BUILT_PRODUCTS_DIR; };
		010C7BAF24F9C4F7008A132A /* AppDelegate.swift */ = {isa = PBXFileReference; lastKnownFileType = sourcecode.swift; path = AppDelegate.swift; sourceTree = "<group>"; };
		010C7BB124F9C4F7008A132A /* SceneDelegate.swift */ = {isa = PBXFileReference; lastKnownFileType = sourcecode.swift; path = SceneDelegate.swift; sourceTree = "<group>"; };
		010C7BB324F9C4F7008A132A /* ViewController.swift */ = {isa = PBXFileReference; lastKnownFileType = sourcecode.swift; path = ViewController.swift; sourceTree = "<group>"; };
		010C7BB624F9C4F7008A132A /* Base */ = {isa = PBXFileReference; lastKnownFileType = file.storyboard; name = Base; path = Base.lproj/Main.storyboard; sourceTree = "<group>"; };
		010C7BB824F9C4F8008A132A /* Assets.xcassets */ = {isa = PBXFileReference; lastKnownFileType = folder.assetcatalog; path = Assets.xcassets; sourceTree = "<group>"; };
		010C7BBB24F9C4F8008A132A /* Base */ = {isa = PBXFileReference; lastKnownFileType = file.storyboard; name = Base; path = Base.lproj/LaunchScreen.storyboard; sourceTree = "<group>"; };
		010C7BBD24F9C4F8008A132A /* Info.plist */ = {isa = PBXFileReference; lastKnownFileType = text.plist.xml; path = Info.plist; sourceTree = "<group>"; };
		010C7BC024F9C4F8008A132A /* BookMyFlight WatchKit App.app */ = {isa = PBXFileReference; explicitFileType = wrapper.application; includeInIndex = 0; path = "BookMyFlight WatchKit App.app"; sourceTree = BUILT_PRODUCTS_DIR; };
		010C7BC624F9C4F8008A132A /* Base */ = {isa = PBXFileReference; lastKnownFileType = file.storyboard; name = Base; path = Base.lproj/Interface.storyboard; sourceTree = "<group>"; };
		010C7BC824F9C4F9008A132A /* Assets.xcassets */ = {isa = PBXFileReference; lastKnownFileType = folder.assetcatalog; path = Assets.xcassets; sourceTree = "<group>"; };
		010C7BCA24F9C4F9008A132A /* Info.plist */ = {isa = PBXFileReference; lastKnownFileType = text.plist.xml; path = Info.plist; sourceTree = "<group>"; };
		010C7BCF24F9C4F9008A132A /* BookMyFlight WatchKit Extension.appex */ = {isa = PBXFileReference; explicitFileType = "wrapper.app-extension"; includeInIndex = 0; path = "BookMyFlight WatchKit Extension.appex"; sourceTree = BUILT_PRODUCTS_DIR; };
		010C7BD424F9C4F9008A132A /* InterfaceController.swift */ = {isa = PBXFileReference; lastKnownFileType = sourcecode.swift; path = InterfaceController.swift; sourceTree = "<group>"; };
		010C7BD624F9C4F9008A132A /* ExtensionDelegate.swift */ = {isa = PBXFileReference; lastKnownFileType = sourcecode.swift; path = ExtensionDelegate.swift; sourceTree = "<group>"; };
		010C7BD824F9C4F9008A132A /* NotificationController.swift */ = {isa = PBXFileReference; lastKnownFileType = sourcecode.swift; path = NotificationController.swift; sourceTree = "<group>"; };
		010C7BDA24F9C4FA008A132A /* Assets.xcassets */ = {isa = PBXFileReference; lastKnownFileType = folder.assetcatalog; path = Assets.xcassets; sourceTree = "<group>"; };
		010C7BDC24F9C4FA008A132A /* Info.plist */ = {isa = PBXFileReference; lastKnownFileType = text.plist.xml; path = Info.plist; sourceTree = "<group>"; };
		010C7BDD24F9C4FA008A132A /* PushNotificationPayload.apns */ = {isa = PBXFileReference; lastKnownFileType = text; path = PushNotificationPayload.apns; sourceTree = "<group>"; };
		0113FEA624FA6B7300E6D5D1 /* flight.swift */ = {isa = PBXFileReference; lastKnownFileType = sourcecode.swift; path = flight.swift; sourceTree = "<group>"; };
/* End PBXFileReference section */

/* Begin PBXFrameworksBuildPhase section */
		010C7BA924F9C4F7008A132A /* Frameworks */ = {
			isa = PBXFrameworksBuildPhase;
			buildActionMask = 2147483647;
			files = (
			);
			runOnlyForDeploymentPostprocessing = 0;
		};
		010C7BCC24F9C4F9008A132A /* Frameworks */ = {
			isa = PBXFrameworksBuildPhase;
			buildActionMask = 2147483647;
			files = (
			);
			runOnlyForDeploymentPostprocessing = 0;
		};
/* End PBXFrameworksBuildPhase section */

/* Begin PBXGroup section */
		010C7BA324F9C4F7008A132A = {
			isa = PBXGroup;
			children = (
				010C7BAE24F9C4F7008A132A /* BookMyFlight */,
				010C7BC424F9C4F8008A132A /* BookMyFlight WatchKit App */,
				010C7BD324F9C4F9008A132A /* BookMyFlight WatchKit Extension */,
				010C7BAD24F9C4F7008A132A /* Products */,
			);
			sourceTree = "<group>";
		};
		010C7BAD24F9C4F7008A132A /* Products */ = {
			isa = PBXGroup;
			children = (
				010C7BAC24F9C4F7008A132A /* BookMyFlight.app */,
				010C7BC024F9C4F8008A132A /* BookMyFlight WatchKit App.app */,
				010C7BCF24F9C4F9008A132A /* BookMyFlight WatchKit Extension.appex */,
			);
			name = Products;
			sourceTree = "<group>";
		};
		010C7BAE24F9C4F7008A132A /* BookMyFlight */ = {
			isa = PBXGroup;
			children = (
				010C7BAF24F9C4F7008A132A /* AppDelegate.swift */,
				010C7BB124F9C4F7008A132A /* SceneDelegate.swift */,
				010C7BB324F9C4F7008A132A /* ViewController.swift */,
				010C7BB524F9C4F7008A132A /* Main.storyboard */,
				010C7BB824F9C4F8008A132A /* Assets.xcassets */,
				010C7BBA24F9C4F8008A132A /* LaunchScreen.storyboard */,
				010C7BBD24F9C4F8008A132A /* Info.plist */,
				0113FEA624FA6B7300E6D5D1 /* flight.swift */,
			);
			path = BookMyFlight;
			sourceTree = "<group>";
		};
		010C7BC424F9C4F8008A132A /* BookMyFlight WatchKit App */ = {
			isa = PBXGroup;
			children = (
				010C7BC524F9C4F8008A132A /* Interface.storyboard */,
				010C7BC824F9C4F9008A132A /* Assets.xcassets */,
				010C7BCA24F9C4F9008A132A /* Info.plist */,
			);
			path = "BookMyFlight WatchKit App";
			sourceTree = "<group>";
		};
		010C7BD324F9C4F9008A132A /* BookMyFlight WatchKit Extension */ = {
			isa = PBXGroup;
			children = (
				010C7BD424F9C4F9008A132A /* InterfaceController.swift */,
				010C7BD624F9C4F9008A132A /* ExtensionDelegate.swift */,
				010C7BD824F9C4F9008A132A /* NotificationController.swift */,
				010C7BDA24F9C4FA008A132A /* Assets.xcassets */,
				010C7BDC24F9C4FA008A132A /* Info.plist */,
				010C7BDD24F9C4FA008A132A /* PushNotificationPayload.apns */,
			);
			path = "BookMyFlight WatchKit Extension";
			sourceTree = "<group>";
		};
/* End PBXGroup section */

/* Begin PBXNativeTarget section */
		010C7BAB24F9C4F7008A132A /* BookMyFlight */ = {
			isa = PBXNativeTarget;
			buildConfigurationList = 010C7BE824F9C4FA008A132A /* Build configuration list for PBXNativeTarget "BookMyFlight" */;
			buildPhases = (
				010C7BA824F9C4F7008A132A /* Sources */,
				010C7BA924F9C4F7008A132A /* Frameworks */,
				010C7BAA24F9C4F7008A132A /* Resources */,
				010C7BE724F9C4FA008A132A /* Embed Watch Content */,
			);
			buildRules = (
			);
			dependencies = (
				010C7BC324F9C4F8008A132A /* PBXTargetDependency */,
			);
			name = BookMyFlight;
			productName = BookMyFlight;
			productReference = 010C7BAC24F9C4F7008A132A /* BookMyFlight.app */;
			productType = "com.apple.product-type.application";
		};
		010C7BBF24F9C4F8008A132A /* BookMyFlight WatchKit App */ = {
			isa = PBXNativeTarget;
			buildConfigurationList = 010C7BE424F9C4FA008A132A /* Build configuration list for PBXNativeTarget "BookMyFlight WatchKit App" */;
			buildPhases = (
				010C7BBE24F9C4F8008A132A /* Resources */,
				010C7BE324F9C4FA008A132A /* Embed App Extensions */,
			);
			buildRules = (
			);
			dependencies = (
				010C7BD224F9C4F9008A132A /* PBXTargetDependency */,
			);
			name = "BookMyFlight WatchKit App";
			productName = "BookMyFlight WatchKit App";
			productReference = 010C7BC024F9C4F8008A132A /* BookMyFlight WatchKit App.app */;
			productType = "com.apple.product-type.application.watchapp2";
		};
		010C7BCE24F9C4F9008A132A /* BookMyFlight WatchKit Extension */ = {
			isa = PBXNativeTarget;
			buildConfigurationList = 010C7BE024F9C4FA008A132A /* Build configuration list for PBXNativeTarget "BookMyFlight WatchKit Extension" */;
			buildPhases = (
				010C7BCB24F9C4F9008A132A /* Sources */,
				010C7BCC24F9C4F9008A132A /* Frameworks */,
				010C7BCD24F9C4F9008A132A /* Resources */,
			);
			buildRules = (
			);
			dependencies = (
			);
			name = "BookMyFlight WatchKit Extension";
			productName = "BookMyFlight WatchKit Extension";
			productReference = 010C7BCF24F9C4F9008A132A /* BookMyFlight WatchKit Extension.appex */;
			productType = "com.apple.product-type.watchkit2-extension";
		};
/* End PBXNativeTarget section */

/* Begin PBXProject section */
		010C7BA424F9C4F7008A132A /* Project object */ = {
			isa = PBXProject;
			attributes = {
				LastSwiftUpdateCheck = 1120;
				LastUpgradeCheck = 1120;
				ORGANIZATIONNAME = "Sidharth Nayyar";
				TargetAttributes = {
					010C7BAB24F9C4F7008A132A = {
						CreatedOnToolsVersion = 11.2;
					};
					010C7BBF24F9C4F8008A132A = {
						CreatedOnToolsVersion = 11.2;
					};
					010C7BCE24F9C4F9008A132A = {
						CreatedOnToolsVersion = 11.2;
					};
				};
			};
			buildConfigurationList = 010C7BA724F9C4F7008A132A /* Build configuration list for PBXProject "BookMyFlight" */;
			compatibilityVersion = "Xcode 9.3";
			developmentRegion = en;
			hasScannedForEncodings = 0;
			knownRegions = (
				en,
				Base,
			);
			mainGroup = 010C7BA324F9C4F7008A132A;
			productRefGroup = 010C7BAD24F9C4F7008A132A /* Products */;
			projectDirPath = "";
			projectRoot = "";
			targets = (
				010C7BAB24F9C4F7008A132A /* BookMyFlight */,
				010C7BBF24F9C4F8008A132A /* BookMyFlight WatchKit App */,
				010C7BCE24F9C4F9008A132A /* BookMyFlight WatchKit Extension */,
			);
		};
/* End PBXProject section */

/* Begin PBXResourcesBuildPhase section */
		010C7BAA24F9C4F7008A132A /* Resources */ = {
			isa = PBXResourcesBuildPhase;
			buildActionMask = 2147483647;
			files = (
				010C7BBC24F9C4F8008A132A /* LaunchScreen.storyboard in Resources */,
				010C7BB924F9C4F8008A132A /* Assets.xcassets in Resources */,
				010C7BB724F9C4F7008A132A /* Main.storyboard in Resources */,
			);
			runOnlyForDeploymentPostprocessing = 0;
		};
		010C7BBE24F9C4F8008A132A /* Resources */ = {
			isa = PBXResourcesBuildPhase;
			buildActionMask = 2147483647;
			files = (
				010C7BC924F9C4F9008A132A /* Assets.xcassets in Resources */,
				010C7BC724F9C4F8008A132A /* Interface.storyboard in Resources */,
			);
			runOnlyForDeploymentPostprocessing = 0;
		};
		010C7BCD24F9C4F9008A132A /* Resources */ = {
			isa = PBXResourcesBuildPhase;
			buildActionMask = 2147483647;
			files = (
				010C7BDB24F9C4FA008A132A /* Assets.xcassets in Resources */,
			);
			runOnlyForDeploymentPostprocessing = 0;
		};
/* End PBXResourcesBuildPhase section */

/* Begin PBXSourcesBuildPhase section */
		010C7BA824F9C4F7008A132A /* Sources */ = {
			isa = PBXSourcesBuildPhase;
			buildActionMask = 2147483647;
			files = (
				010C7BB424F9C4F7008A132A /* ViewController.swift in Sources */,
				0113FEA724FA6B7300E6D5D1 /* flight.swift in Sources */,
				010C7BB024F9C4F7008A132A /* AppDelegate.swift in Sources */,
				010C7BB224F9C4F7008A132A /* SceneDelegate.swift in Sources */,
			);
			runOnlyForDeploymentPostprocessing = 0;
		};
		010C7BCB24F9C4F9008A132A /* Sources */ = {
			isa = PBXSourcesBuildPhase;
			buildActionMask = 2147483647;
			files = (
				010C7BD924F9C4F9008A132A /* NotificationController.swift in Sources */,
				010C7BD724F9C4F9008A132A /* ExtensionDelegate.swift in Sources */,
				010C7BD524F9C4F9008A132A /* InterfaceController.swift in Sources */,
			);
			runOnlyForDeploymentPostprocessing = 0;
		};
/* End PBXSourcesBuildPhase section */

/* Begin PBXTargetDependency section */
		010C7BC324F9C4F8008A132A /* PBXTargetDependency */ = {
			isa = PBXTargetDependency;
			target = 010C7BBF24F9C4F8008A132A /* BookMyFlight WatchKit App */;
			targetProxy = 010C7BC224F9C4F8008A132A /* PBXContainerItemProxy */;
		};
		010C7BD224F9C4F9008A132A /* PBXTargetDependency */ = {
			isa = PBXTargetDependency;
			target = 010C7BCE24F9C4F9008A132A /* BookMyFlight WatchKit Extension */;
			targetProxy = 010C7BD124F9C4F9008A132A /* PBXContainerItemProxy */;
		};
/* End PBXTargetDependency section */

/* Begin PBXVariantGroup section */
		010C7BB524F9C4F7008A132A /* Main.storyboard */ = {
			isa = PBXVariantGroup;
			children = (
				010C7BB624F9C4F7008A132A /* Base */,
			);
			name = Main.storyboard;
			sourceTree = "<group>";
		};
		010C7BBA24F9C4F8008A132A /* LaunchScreen.storyboard */ = {
			isa = PBXVariantGroup;
			children = (
				010C7BBB24F9C4F8008A132A /* Base */,
			);
			name = LaunchScreen.storyboard;
			sourceTree = "<group>";
		};
		010C7BC524F9C4F8008A132A /* Interface.storyboard */ = {
			isa = PBXVariantGroup;
			children = (
				010C7BC624F9C4F8008A132A /* Base */,
			);
			name = Interface.storyboard;
			sourceTree = "<group>";
		};
/* End PBXVariantGroup section */

/* Begin XCBuildConfiguration section */
		010C7BDE24F9C4FA008A132A /* Debug */ = {
			isa = XCBuildConfiguration;
			buildSettings = {
				ALWAYS_SEARCH_USER_PATHS = NO;
				CLANG_ANALYZER_NONNULL = YES;
				CLANG_ANALYZER_NUMBER_OBJECT_CONVERSION = YES_AGGRESSIVE;
				CLANG_CXX_LANGUAGE_STANDARD = "gnu++14";
				CLANG_CXX_LIBRARY = "libc++";
				CLANG_ENABLE_MODULES = YES;
				CLANG_ENABLE_OBJC_ARC = YES;
				CLANG_ENABLE_OBJC_WEAK = YES;
				CLANG_WARN_BLOCK_CAPTURE_AUTORELEASING = YES;
				CLANG_WARN_BOOL_CONVERSION = YES;
				CLANG_WARN_COMMA = YES;
				CLANG_WARN_CONSTANT_CONVERSION = YES;
				CLANG_WARN_DEPRECATED_OBJC_IMPLEMENTATIONS = YES;
				CLANG_WARN_DIRECT_OBJC_ISA_USAGE = YES_ERROR;
				CLANG_WARN_DOCUMENTATION_COMMENTS = YES;
				CLANG_WARN_EMPTY_BODY = YES;
				CLANG_WARN_ENUM_CONVERSION = YES;
				CLANG_WARN_INFINITE_RECURSION = YES;
				CLANG_WARN_INT_CONVERSION = YES;
				CLANG_WARN_NON_LITERAL_NULL_CONVERSION = YES;
				CLANG_WARN_OBJC_IMPLICIT_RETAIN_SELF = YES;
				CLANG_WARN_OBJC_LITERAL_CONVERSION = YES;
				CLANG_WARN_OBJC_ROOT_CLASS = YES_ERROR;
				CLANG_WARN_RANGE_LOOP_ANALYSIS = YES;
				CLANG_WARN_STRICT_PROTOTYPES = YES;
				CLANG_WARN_SUSPICIOUS_MOVE = YES;
				CLANG_WARN_UNGUARDED_AVAILABILITY = YES_AGGRESSIVE;
				CLANG_WARN_UNREACHABLE_CODE = YES;
				CLANG_WARN__DUPLICATE_METHOD_MATCH = YES;
				COPY_PHASE_STRIP = NO;
				DEBUG_INFORMATION_FORMAT = dwarf;
				ENABLE_STRICT_OBJC_MSGSEND = YES;
				ENABLE_TESTABILITY = YES;
				GCC_C_LANGUAGE_STANDARD = gnu11;
				GCC_DYNAMIC_NO_PIC = NO;
				GCC_NO_COMMON_BLOCKS = YES;
				GCC_OPTIMIZATION_LEVEL = 0;
				GCC_PREPROCESSOR_DEFINITIONS = (
					"DEBUG=1",
					"$(inherited)",
				);
				GCC_WARN_64_TO_32_BIT_CONVERSION = YES;
				GCC_WARN_ABOUT_RETURN_TYPE = YES_ERROR;
				GCC_WARN_UNDECLARED_SELECTOR = YES;
				GCC_WARN_UNINITIALIZED_AUTOS = YES_AGGRESSIVE;
				GCC_WARN_UNUSED_FUNCTION = YES;
				GCC_WARN_UNUSED_VARIABLE = YES;
				IPHONEOS_DEPLOYMENT_TARGET = 13.2;
				MTL_ENABLE_DEBUG_INFO = INCLUDE_SOURCE;
				MTL_FAST_MATH = YES;
				ONLY_ACTIVE_ARCH = YES;
				SDKROOT = iphoneos;
				SWIFT_ACTIVE_COMPILATION_CONDITIONS = DEBUG;
				SWIFT_OPTIMIZATION_LEVEL = "-Onone";
			};
			name = Debug;
		};
		010C7BDF24F9C4FA008A132A /* Release */ = {
			isa = XCBuildConfiguration;
			buildSettings = {
				ALWAYS_SEARCH_USER_PATHS = NO;
				CLANG_ANALYZER_NONNULL = YES;
				CLANG_ANALYZER_NUMBER_OBJECT_CONVERSION = YES_AGGRESSIVE;
				CLANG_CXX_LANGUAGE_STANDARD = "gnu++14";
				CLANG_CXX_LIBRARY = "libc++";
				CLANG_ENABLE_MODULES = YES;
				CLANG_ENABLE_OBJC_ARC = YES;
				CLANG_ENABLE_OBJC_WEAK = YES;
				CLANG_WARN_BLOCK_CAPTURE_AUTORELEASING = YES;
				CLANG_WARN_BOOL_CONVERSION = YES;
				CLANG_WARN_COMMA = YES;
				CLANG_WARN_CONSTANT_CONVERSION = YES;
				CLANG_WARN_DEPRECATED_OBJC_IMPLEMENTATIONS = YES;
				CLANG_WARN_DIRECT_OBJC_ISA_USAGE = YES_ERROR;
				CLANG_WARN_DOCUMENTATION_COMMENTS = YES;
				CLANG_WARN_EMPTY_BODY = YES;
				CLANG_WARN_ENUM_CONVERSION = YES;
				CLANG_WARN_INFINITE_RECURSION = YES;
				CLANG_WARN_INT_CONVERSION = YES;
				CLANG_WARN_NON_LITERAL_NULL_CONVERSION = YES;
				CLANG_WARN_OBJC_IMPLICIT_RETAIN_SELF = YES;
				CLANG_WARN_OBJC_LITERAL_CONVERSION = YES;
				CLANG_WARN_OBJC_ROOT_CLASS = YES_ERROR;
				CLANG_WARN_RANGE_LOOP_ANALYSIS = YES;
				CLANG_WARN_STRICT_PROTOTYPES = YES;
				CLANG_WARN_SUSPICIOUS_MOVE = YES;
				CLANG_WARN_UNGUARDED_AVAILABILITY = YES_AGGRESSIVE;
				CLANG_WARN_UNREACHABLE_CODE = YES;
				CLANG_WARN__DUPLICATE_METHOD_MATCH = YES;
				COPY_PHASE_STRIP = NO;
				DEBUG_INFORMATION_FORMAT = "dwarf-with-dsym";
				ENABLE_NS_ASSERTIONS = NO;
				ENABLE_STRICT_OBJC_MSGSEND = YES;
				GCC_C_LANGUAGE_STANDARD = gnu11;
				GCC_NO_COMMON_BLOCKS = YES;
				GCC_WARN_64_TO_32_BIT_CONVERSION = YES;
				GCC_WARN_ABOUT_RETURN_TYPE = YES_ERROR;
				GCC_WARN_UNDECLARED_SELECTOR = YES;
				GCC_WARN_UNINITIALIZED_AUTOS = YES_AGGRESSIVE;
				GCC_WARN_UNUSED_FUNCTION = YES;
				GCC_WARN_UNUSED_VARIABLE = YES;
				IPHONEOS_DEPLOYMENT_TARGET = 13.2;
				MTL_ENABLE_DEBUG_INFO = NO;
				MTL_FAST_MATH = YES;
				SDKROOT = iphoneos;
				SWIFT_COMPILATION_MODE = wholemodule;
				SWIFT_OPTIMIZATION_LEVEL = "-O";
				VALIDATE_PRODUCT = YES;
			};
			name = Release;
		};
		010C7BE124F9C4FA008A132A /* Debug */ = {
			isa = XCBuildConfiguration;
			buildSettings = {
				ASSETCATALOG_COMPILER_COMPLICATION_NAME = Complication;
				CODE_SIGN_STYLE = Automatic;
				DEVELOPMENT_TEAM = Q64XSG4U5Q;
				INFOPLIST_FILE = "BookMyFlight WatchKit Extension/Info.plist";
				LD_RUNPATH_SEARCH_PATHS = (
					"$(inherited)",
					"@executable_path/Frameworks",
					"@executable_path/../../Frameworks",
				);
				PRODUCT_BUNDLE_IDENTIFIER = com.lambton.BookMyFlight.watchkitapp.watchkitextension;
				PRODUCT_NAME = "${TARGET_NAME}";
				SDKROOT = watchos;
				SKIP_INSTALL = YES;
				SWIFT_VERSION = 5.0;
				TARGETED_DEVICE_FAMILY = 4;
				WATCHOS_DEPLOYMENT_TARGET = 6.1;
			};
			name = Debug;
		};
		010C7BE224F9C4FA008A132A /* Release */ = {
			isa = XCBuildConfiguration;
			buildSettings = {
				ASSETCATALOG_COMPILER_COMPLICATION_NAME = Complication;
				CODE_SIGN_STYLE = Automatic;
				DEVELOPMENT_TEAM = Q64XSG4U5Q;
				INFOPLIST_FILE = "BookMyFlight WatchKit Extension/Info.plist";
				LD_RUNPATH_SEARCH_PATHS = (
					"$(inherited)",
					"@executable_path/Frameworks",
					"@executable_path/../../Frameworks",
				);
				PRODUCT_BUNDLE_IDENTIFIER = com.lambton.BookMyFlight.watchkitapp.watchkitextension;
				PRODUCT_NAME = "${TARGET_NAME}";
				SDKROOT = watchos;
				SKIP_INSTALL = YES;
				SWIFT_VERSION = 5.0;
				TARGETED_DEVICE_FAMILY = 4;
				WATCHOS_DEPLOYMENT_TARGET = 6.1;
			};
			name = Release;
		};
		010C7BE524F9C4FA008A132A /* Debug */ = {
			isa = XCBuildConfiguration;
			buildSettings = {
				ALWAYS_EMBED_SWIFT_STANDARD_LIBRARIES = YES;
				ASSETCATALOG_COMPILER_APPICON_NAME = AppIcon;
				CODE_SIGN_STYLE = Automatic;
				DEVELOPMENT_TEAM = Q64XSG4U5Q;
				IBSC_MODULE = BookMyFlight_WatchKit_Extension;
				INFOPLIST_FILE = "BookMyFlight WatchKit App/Info.plist";
				PRODUCT_BUNDLE_IDENTIFIER = com.lambton.BookMyFlight.watchkitapp;
				PRODUCT_NAME = "$(TARGET_NAME)";
				SDKROOT = watchos;
				SKIP_INSTALL = YES;
				SWIFT_VERSION = 5.0;
				TARGETED_DEVICE_FAMILY = 4;
				WATCHOS_DEPLOYMENT_TARGET = 6.1;
			};
			name = Debug;
		};
		010C7BE624F9C4FA008A132A /* Release */ = {
			isa = XCBuildConfiguration;
			buildSettings = {
				ALWAYS_EMBED_SWIFT_STANDARD_LIBRARIES = YES;
				ASSETCATALOG_COMPILER_APPICON_NAME = AppIcon;
				CODE_SIGN_STYLE = Automatic;
				DEVELOPMENT_TEAM = Q64XSG4U5Q;
				IBSC_MODULE = BookMyFlight_WatchKit_Extension;
				INFOPLIST_FILE = "BookMyFlight WatchKit App/Info.plist";
				PRODUCT_BUNDLE_IDENTIFIER = com.lambton.BookMyFlight.watchkitapp;
				PRODUCT_NAME = "$(TARGET_NAME)";
				SDKROOT = watchos;
				SKIP_INSTALL = YES;
				SWIFT_VERSION = 5.0;
				TARGETED_DEVICE_FAMILY = 4;
				WATCHOS_DEPLOYMENT_TARGET = 6.1;
			};
			name = Release;
		};
		010C7BE924F9C4FA008A132A /* Debug */ = {
			isa = XCBuildConfiguration;
			buildSettings = {
				ASSETCATALOG_COMPILER_APPICON_NAME = AppIcon;
				CODE_SIGN_STYLE = Automatic;
				DEVELOPMENT_TEAM = Q64XSG4U5Q;
				INFOPLIST_FILE = BookMyFlight/Info.plist;
				LD_RUNPATH_SEARCH_PATHS = (
					"$(inherited)",
					"@executable_path/Frameworks",
				);
				PRODUCT_BUNDLE_IDENTIFIER = com.lambton.BookMyFlight;
				PRODUCT_NAME = "$(TARGET_NAME)";
				SWIFT_VERSION = 5.0;
				TARGETED_DEVICE_FAMILY = "1,2";
			};
			name = Debug;
		};
		010C7BEA24F9C4FA008A132A /* Release */ = {
			isa = XCBuildConfiguration;
			buildSettings = {
				ASSETCATALOG_COMPILER_APPICON_NAME = AppIcon;
				CODE_SIGN_STYLE = Automatic;
				DEVELOPMENT_TEAM = Q64XSG4U5Q;
				INFOPLIST_FILE = BookMyFlight/Info.plist;
				LD_RUNPATH_SEARCH_PATHS = (
					"$(inherited)",
					"@executable_path/Frameworks",
				);
				PRODUCT_BUNDLE_IDENTIFIER = com.lambton.BookMyFlight;
				PRODUCT_NAME = "$(TARGET_NAME)";
				SWIFT_VERSION = 5.0;
				TARGETED_DEVICE_FAMILY = "1,2";
			};
			name = Release;
		};
/* End XCBuildConfiguration section */

/* Begin XCConfigurationList section */
		010C7BA724F9C4F7008A132A /* Build configuration list for PBXProject "BookMyFlight" */ = {
			isa = XCConfigurationList;
			buildConfigurations = (
				010C7BDE24F9C4FA008A132A /* Debug */,
				010C7BDF24F9C4FA008A132A /* Release */,
			);
			defaultConfigurationIsVisible = 0;
			defaultConfigurationName = Release;
		};
		010C7BE024F9C4FA008A132A /* Build configuration list for PBXNativeTarget "BookMyFlight WatchKit Extension" */ = {
			isa = XCConfigurationList;
			buildConfigurations = (
				010C7BE124F9C4FA008A132A /* Debug */,
				010C7BE224F9C4FA008A132A /* Release */,
			);
			defaultConfigurationIsVisible = 0;
			defaultConfigurationName = Release;
		};
		010C7BE424F9C4FA008A132A /* Build configuration list for PBXNativeTarget "BookMyFlight WatchKit App" */ = {
			isa = XCConfigurationList;
			buildConfigurations = (
				010C7BE524F9C4FA008A132A /* Debug */,
				010C7BE624F9C4FA008A132A /* Release */,
			);
			defaultConfigurationIsVisible = 0;
			defaultConfigurationName = Release;
		};
		010C7BE824F9C4FA008A132A /* Build configuration list for PBXNativeTarget "BookMyFlight" */ = {
			isa = XCConfigurationList;
			buildConfigurations = (
				010C7BE924F9C4FA008A132A /* Debug */,
				010C7BEA24F9C4FA008A132A /* Release */,
			);
			defaultConfigurationIsVisible = 0;
			defaultConfigurationName = Release;
		};
/* End XCConfigurationList section */
	};
	rootObject = 010C7BA424F9C4F7008A132A /* Project object */;
}
